
Microsoft Visual Studio Solution File, Format Version 11.00
# Visual Studio 2010
Project("{FAE04EC0-301F-11D3-BF4B-00C04F79EFBC}") = "PlayFab", "PlayFab.csproj", "{5896CF4D-891F-838C-1501-0591D77FE414}"
EndProject
Project("{FAE04EC0-301F-11D3-BF4B-00C04F79EFBC}") = "Assembly-CSharp", "Assembly-CSharp.csproj", "{C046AE29-1E7A-0190-A035-9BB5EF34CF48}"
EndProject
Project("{FAE04EC0-301F-11D3-BF4B-00C04F79EFBC}") = "AmplifyShaderEditor", "AmplifyShaderEditor.csproj", "{5D20A057-574C-7DE8-A0C0-A280C60D05FA}"
EndProject
Project("{FAE04EC0-301F-11D3-BF4B-00C04F79EFBC}") = "PlayFabEditorExtensions", "PlayFabEditorExtensions.csproj", "{DF072CD3-48AF-0C33-6986-4629EBEF35B6}"
EndProject
Project("{FAE04EC0-301F-11D3-BF4B-00C04F79EFBC}") = "Assembly-CSharp-Editor", "Assembly-CSharp-Editor.csproj", "{6C176C16-72D1-D570-F3BB-CA4F3C50DBCD}"
EndProject
Project("{FAE04EC0-301F-11D3-BF4B-00C04F79EFBC}") = "PlayFabSDKEditor", "PlayFabSDKEditor.csproj", "{DDA56194-5140-0874-3540-099D26C11D9E}"
EndProject
Global
	GlobalSection(SolutionConfigurationPlatforms) = preSolution
		Debug|Any CPU = Debug|Any CPU
		Release|Any CPU = Release|Any CPU
	EndGlobalSection
	GlobalSection(ProjectConfigurationPlatforms) = postSolution
		{5896CF4D-891F-838C-1501-0591D77FE414}.Debug|Any CPU.ActiveCfg = Debug|Any CPU
		{5896CF4D-891F-838C-1501-0591D77FE414}.Debug|Any CPU.Build.0 = Debug|Any CPU
		{5896CF4D-891F-838C-1501-0591D77FE414}.Release|Any CPU.ActiveCfg = Release|Any CPU
		{5896CF4D-891F-838C-1501-0591D77FE414}.Release|Any CPU.Build.0 = Release|Any CPU
		{C046AE29-1E7A-0190-A035-9BB5EF34CF48}.Debug|Any CPU.ActiveCfg = Debug|Any CPU
		{C046AE29-1E7A-0190-A035-9BB5EF34CF48}.Debug|Any CPU.Build.0 = Debug|Any CPU
		{C046AE29-1E7A-0190-A035-9BB5EF34CF48}.Release|Any CPU.ActiveCfg = Release|Any CPU
		{C046AE29-1E7A-0190-A035-9BB5EF34CF48}.Release|Any CPU.Build.0 = Release|Any CPU
		{5D20A057-574C-7DE8-A0C0-A280C60D05FA}.Debug|Any CPU.ActiveCfg = Debug|Any CPU
		{5D20A057-574C-7DE8-A0C0-A280C60D05FA}.Debug|Any CPU.Build.0 = Debug|Any CPU
		{5D20A057-574C-7DE8-A0C0-A280C60D05FA}.Release|Any CPU.ActiveCfg = Release|Any CPU
		{5D20A057-574C-7DE8-A0C0-A280C60D05FA}.Release|Any CPU.Build.0 = Release|Any CPU
		{DF072CD3-48AF-0C33-6986-4629EBEF35B6}.Debug|Any CPU.ActiveCfg = Debug|Any CPU
		{DF072CD3-48AF-0C33-6986-4629EBEF35B6}.Debug|Any CPU.Build.0 = Debug|Any CPU
		{DF072CD3-48AF-0C33-6986-4629EBEF35B6}.Release|Any CPU.ActiveCfg = Release|Any CPU
		{DF072CD3-48AF-0C33-6986-4629EBEF35B6}.Release|Any CPU.Build.0 = Release|Any CPU
		{6C176C16-72D1-D570-F3BB-CA4F3C50DBCD}.Debug|Any CPU.ActiveCfg = Debug|Any CPU
		{6C176C16-72D1-D570-F3BB-CA4F3C50DBCD}.Debug|Any CPU.Build.0 = Debug|Any CPU
		{6C176C16-72D1-D570-F3BB-CA4F3C50DBCD}.Release|Any CPU.ActiveCfg = Release|Any CPU
		{6C176C16-72D1-D570-F3BB-CA4F3C50DBCD}.Release|Any CPU.Build.0 = Release|Any CPU
		{DDA56194-5140-0874-3540-099D26C11D9E}.Debug|Any CPU.ActiveCfg = Debug|Any CPU
		{DDA56194-5140-0874-3540-099D26C11D9E}.Debug|Any CPU.Build.0 = Debug|Any CPU
		{DDA56194-5140-0874-3540-099D26C11D9E}.Release|Any CPU.ActiveCfg = Release|Any CPU
		{DDA56194-5140-0874-3540-099D26C11D9E}.Release|Any CPU.Build.0 = Release|Any CPU
	EndGlobalSection
	GlobalSection(SolutionProperties) = preSolution
		HideSolutionNode = FALSE
	EndGlobalSection
EndGlobal
