
Microsoft Visual Studio Solution File, Format Version 11.00
# Visual Studio 2010
Project("{FAE04EC0-301F-11D3-BF4B-00C04F79EFBC}") = "PlayFab", "PlayFab.csproj", "{4dcf9658-1f89-8c83-1501-0591d77fe414}"
EndProject
Project("{FAE04EC0-301F-11D3-BF4B-00C04F79EFBC}") = "Assembly-CSharp", "Assembly-CSharp.csproj", "{29ae46c0-7a1e-9001-a035-9bb5ef34cf48}"
EndProject
Project("{FAE04EC0-301F-11D3-BF4B-00C04F79EFBC}") = "AmplifyShaderEditor", "AmplifyShaderEditor.csproj", "{57a0205d-4c57-e87d-a0c0-a280c60d05fa}"
EndProject
Project("{FAE04EC0-301F-11D3-BF4B-00C04F79EFBC}") = "PlayFabEditorExtensions", "PlayFabEditorExtensions.csproj", "{d32c07df-af48-330c-6986-4629ebef35b6}"
EndProject
Project("{FAE04EC0-301F-11D3-BF4B-00C04F79EFBC}") = "Assembly-CSharp-Editor", "Assembly-CSharp-Editor.csproj", "{166c176c-d172-70d5-f3bb-ca4f3c50dbcd}"
EndProject
Project("{FAE04EC0-301F-11D3-BF4B-00C04F79EFBC}") = "PlayFabSDKEditor", "PlayFabSDKEditor.csproj", "{9461a5dd-4051-7408-3540-099d26c11d9e}"
EndProject
Global
	GlobalSection(SolutionConfigurationPlatforms) = preSolution
		Debug|Any CPU = Debug|Any CPU
	EndGlobalSection
	GlobalSection(ProjectConfigurationPlatforms) = postSolution
		{4dcf9658-1f89-8c83-1501-0591d77fe414}.Debug|Any CPU.ActiveCfg = Debug|Any CPU
		{4dcf9658-1f89-8c83-1501-0591d77fe414}.Debug|Any CPU.Build.0 = Debug|Any CPU
		{29ae46c0-7a1e-9001-a035-9bb5ef34cf48}.Debug|Any CPU.ActiveCfg = Debug|Any CPU
		{29ae46c0-7a1e-9001-a035-9bb5ef34cf48}.Debug|Any CPU.Build.0 = Debug|Any CPU
		{57a0205d-4c57-e87d-a0c0-a280c60d05fa}.Debug|Any CPU.ActiveCfg = Debug|Any CPU
		{57a0205d-4c57-e87d-a0c0-a280c60d05fa}.Debug|Any CPU.Build.0 = Debug|Any CPU
		{d32c07df-af48-330c-6986-4629ebef35b6}.Debug|Any CPU.ActiveCfg = Debug|Any CPU
		{d32c07df-af48-330c-6986-4629ebef35b6}.Debug|Any CPU.Build.0 = Debug|Any CPU
		{166c176c-d172-70d5-f3bb-ca4f3c50dbcd}.Debug|Any CPU.ActiveCfg = Debug|Any CPU
		{166c176c-d172-70d5-f3bb-ca4f3c50dbcd}.Debug|Any CPU.Build.0 = Debug|Any CPU
		{9461a5dd-4051-7408-3540-099d26c11d9e}.Debug|Any CPU.ActiveCfg = Debug|Any CPU
		{9461a5dd-4051-7408-3540-099d26c11d9e}.Debug|Any CPU.Build.0 = Debug|Any CPU
	EndGlobalSection
	GlobalSection(SolutionProperties) = preSolution
		HideSolutionNode = FALSE
	EndGlobalSection
EndGlobal
